# THIS IS AN AUTOGENERATED FILE. DO NOT EDIT THIS FILE DIRECTLY.
# yarn lockfile v1


include-media@^2.0.0:
  version "2.0.0"
  resolved "https://registry.yarnpkg.com/include-media/-/include-media-2.0.0.tgz#21f80a4b40addd1da5d500cf8bf3b123cb1136a6"
  integrity sha512-LSJcffPYIZ/Kln0rIi5UhqQbZxElDCMYA4dPC5MI1rkwwjptgEiOicHnzB0MMhMNJver0+4zULb4MKlgDyapZg==

open-color@^1.9.1:
  version "1.9.1"
  resolved "https://registry.yarnpkg.com/open-color/-/open-color-1.9.1.tgz#a6e6328f60eff7aa60e3e8fcfa50f53ff3eece35"
  integrity sha512-vCseG/EQ6/RcvxhUcGJiHViOgrtz4x0XbZepXvKik66TMGkvbmjeJrKFyBEx6daG5rNyyd14zYXhz0hZVwQFOw==
